Microsoft Visual Studio Solution File, Format Version 12.00
# Visual Studio Version 17
VisualStudioVersion = 17.0.31903.59
MinimumVisualStudioVersion = 10.0.40219.1
Project("{FAE04EC0-301F-11D3-BF4B-00C04F79EFBC}") = "FileHandler.Api", "src\FileHandler.Api\FileHandler.Api.csproj", "{9CF152AD-616B-427F-A18B-A767D8BD0D88}"
EndProject
Project("{FAE04EC0-301F-11D3-BF4B-00C04F79EFBC}") = "FileHandler.Tests", "tests\FileHandler.Tests\FileHandler.Tests.csproj", "{97433493-9946-4B1D-AF1A-FC57C2116A8B}"
EndProject
Global
	GlobalSection(SolutionConfigurationPlatforms) = preSolution
		Debug|Any CPU = Debug|Any CPU
		Release|Any CPU = Release|Any CPU
	EndGlobalSection
	GlobalSection(ProjectConfigurationPlatforms) = postSolution
		{9CF152AD-616B-427F-A18B-A767D8BD0D88}.Debug|Any CPU.ActiveCfg = Debug|Any CPU
		{9CF152AD-616B-427F-A18B-A767D8BD0D88}.Debug|Any CPU.Build.0 = Debug|Any CPU
		{9CF152AD-616B-427F-A18B-A767D8BD0D88}.Release|Any CPU.ActiveCfg = Release|Any CPU
		{9CF152AD-616B-427F-A18B-A767D8BD0D88}.Release|Any CPU.Build.0 = Release|Any CPU
		{97433493-9946-4B1D-AF1A-FC57C2116A8B}.Debug|Any CPU.ActiveCfg = Debug|Any CPU
		{97433493-9946-4B1D-AF1A-FC57C2116A8B}.Debug|Any CPU.Build.0 = Debug|Any CPU
		{97433493-9946-4B1D-AF1A-FC57C2116A8B}.Release|Any CPU.ActiveCfg = Release|Any CPU
		{97433493-9946-4B1D-AF1A-FC57C2116A8B}.Release|Any CPU.Build.0 = Release|Any CPU
	EndGlobalSection
EndGlobal
